
Microsoft Visual Studio Solution File, Format Version 12.00
# Visual Studio Version 17
VisualStudioVersion = 17.12.35728.132
MinimumVisualStudioVersion = 10.0.40219.1
Project("{FAE04EC0-301F-11D3-BF4B-00C04F79EFBC}") = "trashtracker-api", "trashtracker-api\trashtracker-api.csproj", "{130751DE-8E71-B4C1-EF22-6CEDF64137BA}"
EndProject
Project("{FAE04EC0-301F-11D3-BF4B-00C04F79EFBC}") = "Trashtracker-api.test", "trashtracker-api.test\Trashtracker-api.test.csproj", "{AB9B818F-8F46-1593-3BAA-EBBA25A117D8}"
EndProject
Global
	GlobalSection(SolutionConfigurationPlatforms) = preSolution
		Debug|Any CPU = Debug|Any CPU
		Release|Any CPU = Release|Any CPU
	EndGlobalSection
	GlobalSection(ProjectConfigurationPlatforms) = postSolution
		{130751DE-8E71-B4C1-EF22-6CEDF64137BA}.Debug|Any CPU.ActiveCfg = Debug|Any CPU
		{130751DE-8E71-B4C1-EF22-6CEDF64137BA}.Debug|Any CPU.Build.0 = Debug|Any CPU
		{130751DE-8E71-B4C1-EF22-6CEDF64137BA}.Release|Any CPU.ActiveCfg = Release|Any CPU
		{130751DE-8E71-B4C1-EF22-6CEDF64137BA}.Release|Any CPU.Build.0 = Release|Any CPU
		{AB9B818F-8F46-1593-3BAA-EBBA25A117D8}.Debug|Any CPU.ActiveCfg = Debug|Any CPU
		{AB9B818F-8F46-1593-3BAA-EBBA25A117D8}.Debug|Any CPU.Build.0 = Debug|Any CPU
		{AB9B818F-8F46-1593-3BAA-EBBA25A117D8}.Release|Any CPU.ActiveCfg = Release|Any CPU
		{AB9B818F-8F46-1593-3BAA-EBBA25A117D8}.Release|Any CPU.Build.0 = Release|Any CPU
	EndGlobalSection
	GlobalSection(SolutionProperties) = preSolution
		HideSolutionNode = FALSE
	EndGlobalSection
	GlobalSection(ExtensibilityGlobals) = postSolution
		SolutionGuid = {55808162-C2D8-49BB-A308-D7CE621521F1}
	EndGlobalSection
EndGlobal
